
Microsoft Visual Studio Solution File, Format Version 12.00
Project("{FAE04EC0-301F-11D3-BF4B-00C04F79EFBC}") = "APBD-Cw1-s29756", "APBD-Cw1-s29756.csproj", "{FB8F62CF-BAEC-4726-ACCD-4F1A19FD0E87}"
EndProject
Global
	GlobalSection(SolutionConfigurationPlatforms) = preSolution
		Debug|Any CPU = Debug|Any CPU
		Release|Any CPU = Release|Any CPU
	EndGlobalSection
	GlobalSection(ProjectConfigurationPlatforms) = postSolution
		{FB8F62CF-BAEC-4726-ACCD-4F1A19FD0E87}.Debug|Any CPU.ActiveCfg = Debug|Any CPU
		{FB8F62CF-BAEC-4726-ACCD-4F1A19FD0E87}.Debug|Any CPU.Build.0 = Debug|Any CPU
		{FB8F62CF-BAEC-4726-ACCD-4F1A19FD0E87}.Release|Any CPU.ActiveCfg = Release|Any CPU
		{FB8F62CF-BAEC-4726-ACCD-4F1A19FD0E87}.Release|Any CPU.Build.0 = Release|Any CPU
	EndGlobalSection
EndGlobal
